Microsoft Visual Studio Solution File, Format Version 12.00
# Visual Studio Version 17
VisualStudioVersion = 17.5.2.0
MinimumVisualStudioVersion = 10.0.40219.1
Project("{FAE04EC0-301F-11D3-BF4B-00C04F79EFBC}") = "BloodlineProgression", "BloodlineProgression.csproj", "{8EF57AFD-016E-893D-8475-13723392E2F0}"
EndProject
Global
	GlobalSection(SolutionConfigurationPlatforms) = preSolution
		Debug|Any CPU = Debug|Any CPU
		Release|Any CPU = Release|Any CPU
	EndGlobalSection
	GlobalSection(ProjectConfigurationPlatforms) = postSolution
		{8EF57AFD-016E-893D-8475-13723392E2F0}.Debug|Any CPU.ActiveCfg = Debug|Any CPU
		{8EF57AFD-016E-893D-8475-13723392E2F0}.Debug|Any CPU.Build.0 = Debug|Any CPU
		{8EF57AFD-016E-893D-8475-13723392E2F0}.Release|Any CPU.ActiveCfg = Release|Any CPU
		{8EF57AFD-016E-893D-8475-13723392E2F0}.Release|Any CPU.Build.0 = Release|Any CPU
	EndGlobalSection
	GlobalSection(SolutionProperties) = preSolution
		HideSolutionNode = FALSE
	EndGlobalSection
	GlobalSection(ExtensibilityGlobals) = postSolution
		SolutionGuid = {5519841E-990B-40B8-87CD-DE2C75DDED99}
	EndGlobalSection
EndGlobal
